// !$*UTF8*$!
{
	archiveVersion = 1;
	classes = {
	};
	objectVersion = 50;
	objects = {

/* Begin PBXBuildFile section */
		4541115124AA360A00E4622D /* CourseCardView.swift in Sources */ = {isa = PBXBuildFile; fileRef = 4541115024AA360A00E4622D /* CourseCardView.swift */; };
		4541115224AA360A00E4622D /* CourseCardView.swift in Sources */ = {isa = PBXBuildFile; fileRef = 4541115024AA360A00E4622D /* CourseCardView.swift */; };
		4541115424ACDD0100E4622D /* ViewModifiers.swift in Sources */ = {isa = PBXBuildFile; fileRef = 4541115324ACDD0100E4622D /* ViewModifiers.swift */; };
		4541115524ACDD0100E4622D /* ViewModifiers.swift in Sources */ = {isa = PBXBuildFile; fileRef = 4541115324ACDD0100E4622D /* ViewModifiers.swift */; };
		4541115724ACED3200E4622D /* CourseListView.swift in Sources */ = {isa = PBXBuildFile; fileRef = 4541115624ACED3200E4622D /* CourseListView.swift */; };
		4541115824ACED3200E4622D /* CourseListView.swift in Sources */ = {isa = PBXBuildFile; fileRef = 4541115624ACED3200E4622D /* CourseListView.swift */; };
		45462B7124A73008009F8AC7 /* ProfileMenuView.swift in Sources */ = {isa = PBXBuildFile; fileRef = 45462B7024A73008009F8AC7 /* ProfileMenuView.swift */; };
		45462B7224A73008009F8AC7 /* ProfileMenuView.swift in Sources */ = {isa = PBXBuildFile; fileRef = 45462B7024A73008009F8AC7 /* ProfileMenuView.swift */; };
		4591199A24AE300000927108 /* CourseDetailView.swift in Sources */ = {isa = PBXBuildFile; fileRef = 4591199924AE300000927108 /* CourseDetailView.swift */; };
		4591199B24AE300000927108 /* CourseDetailView.swift in Sources */ = {isa = PBXBuildFile; fileRef = 4591199924AE300000927108 /* CourseDetailView.swift */; };
		459119A024AE390000927108 /* CourseInfoStore.swift in Sources */ = {isa = PBXBuildFile; fileRef = 4591199F24AE390000927108 /* CourseInfoStore.swift */; };
		459119A124AE390000927108 /* CourseInfoStore.swift in Sources */ = {isa = PBXBuildFile; fileRef = 4591199F24AE390000927108 /* CourseInfoStore.swift */; };
		459119A324AE40F500927108 /* TabBar.swift in Sources */ = {isa = PBXBuildFile; fileRef = 459119A224AE40F500927108 /* TabBar.swift */; };
		459119A424AE40F500927108 /* TabBar.swift in Sources */ = {isa = PBXBuildFile; fileRef = 459119A224AE40F500927108 /* TabBar.swift */; };
		459119A624AF6D0500927108 /* RingView.swift in Sources */ = {isa = PBXBuildFile; fileRef = 459119A524AF6D0500927108 /* RingView.swift */; };
		459119A724AF6D0600927108 /* RingView.swift in Sources */ = {isa = PBXBuildFile; fileRef = 459119A524AF6D0500927108 /* RingView.swift */; };
		4596B3E124A8DBE6009B30C4 /* HomeView.swift in Sources */ = {isa = PBXBuildFile; fileRef = 4596B3E024A8DBE6009B30C4 /* HomeView.swift */; };
		4596B3E224A8DBE6009B30C4 /* HomeView.swift in Sources */ = {isa = PBXBuildFile; fileRef = 4596B3E024A8DBE6009B30C4 /* HomeView.swift */; };
		4596B3E424A8DE6C009B30C4 /* UIApplication+Extensiom.swift in Sources */ = {isa = PBXBuildFile; fileRef = 4596B3E324A8DE6C009B30C4 /* UIApplication+Extensiom.swift */; };
		4596B3E524A8DE6C009B30C4 /* UIApplication+Extensiom.swift in Sources */ = {isa = PBXBuildFile; fileRef = 4596B3E324A8DE6C009B30C4 /* UIApplication+Extensiom.swift */; };
		4596B3E724A8EBF7009B30C4 /* HomeContentView.swift in Sources */ = {isa = PBXBuildFile; fileRef = 4596B3E624A8EBF7009B30C4 /* HomeContentView.swift */; };
		4596B3E824A8EBF7009B30C4 /* HomeContentView.swift in Sources */ = {isa = PBXBuildFile; fileRef = 4596B3E624A8EBF7009B30C4 /* HomeContentView.swift */; };
		4596B3EA24A8EDA9009B30C4 /* Constants.swift in Sources */ = {isa = PBXBuildFile; fileRef = 4596B3E924A8EDA9009B30C4 /* Constants.swift */; };
		4596B3EB24A8EDA9009B30C4 /* Constants.swift in Sources */ = {isa = PBXBuildFile; fileRef = 4596B3E924A8EDA9009B30C4 /* Constants.swift */; };
		45A85F0424A396F300FD8B3C /* HGSwiftUIDempApp.swift in Sources */ = {isa = PBXBuildFile; fileRef = 45A85EF124A396F000FD8B3C /* HGSwiftUIDempApp.swift */; };
		45A85F0524A396F300FD8B3C /* HGSwiftUIDempApp.swift in Sources */ = {isa = PBXBuildFile; fileRef = 45A85EF124A396F000FD8B3C /* HGSwiftUIDempApp.swift */; };
		45A85F0624A396F300FD8B3C /* ContentView.swift in Sources */ = {isa = PBXBuildFile; fileRef = 45A85EF224A396F000FD8B3C /* ContentView.swift */; };
		45A85F0724A396F300FD8B3C /* ContentView.swift in Sources */ = {isa = PBXBuildFile; fileRef = 45A85EF224A396F000FD8B3C /* ContentView.swift */; };
		45A85F0824A396F300FD8B3C /* Assets.xcassets in Resources */ = {isa = PBXBuildFile; fileRef = 45A85EF324A396F300FD8B3C /* Assets.xcassets */; };
		45A85F0924A396F300FD8B3C /* Assets.xcassets in Resources */ = {isa = PBXBuildFile; fileRef = 45A85EF324A396F300FD8B3C /* Assets.xcassets */; };
		45A85F1324A5872700FD8B3C /* CertificationCardView.swift in Sources */ = {isa = PBXBuildFile; fileRef = 45A85F1224A5872700FD8B3C /* CertificationCardView.swift */; };
		45A85F1424A5872700FD8B3C /* CertificationCardView.swift in Sources */ = {isa = PBXBuildFile; fileRef = 45A85F1224A5872700FD8B3C /* CertificationCardView.swift */; };
		45A85F1624A5882D00FD8B3C /* Color+Extension.swift in Sources */ = {isa = PBXBuildFile; fileRef = 45A85F1524A5882D00FD8B3C /* Color+Extension.swift */; };
		45A85F1724A5882D00FD8B3C /* Color+Extension.swift in Sources */ = {isa = PBXBuildFile; fileRef = 45A85F1524A5882D00FD8B3C /* Color+Extension.swift */; };
		45A85F1924A58E4E00FD8B3C /* Course.swift in Sources */ = {isa = PBXBuildFile; fileRef = 45A85F1824A58E4E00FD8B3C /* Course.swift */; };
		45A85F1A24A58E4E00FD8B3C /* Course.swift in Sources */ = {isa = PBXBuildFile; fileRef = 45A85F1824A58E4E00FD8B3C /* Course.swift */; };
/* End PBXBuildFile section */

/* Begin PBXFileReference section */
		4541115024AA360A00E4622D /* CourseCardView.swift */ = {isa = PBXFileReference; lastKnownFileType = sourcecode.swift; path = CourseCardView.swift; sourceTree = "<group>"; };
		4541115324ACDD0100E4622D /* ViewModifiers.swift */ = {isa = PBXFileReference; lastKnownFileType = sourcecode.swift; path = ViewModifiers.swift; sourceTree = "<group>"; };
		4541115624ACED3200E4622D /* CourseListView.swift */ = {isa = PBXFileReference; lastKnownFileType = sourcecode.swift; path = CourseListView.swift; sourceTree = "<group>"; };
		45462B7024A73008009F8AC7 /* ProfileMenuView.swift */ = {isa = PBXFileReference; lastKnownFileType = sourcecode.swift; path = ProfileMenuView.swift; sourceTree = "<group>"; };
		4591199924AE300000927108 /* CourseDetailView.swift */ = {isa = PBXFileReference; lastKnownFileType = sourcecode.swift; path = CourseDetailView.swift; sourceTree = "<group>"; };
		4591199F24AE390000927108 /* CourseInfoStore.swift */ = {isa = PBXFileReference; lastKnownFileType = sourcecode.swift; path = CourseInfoStore.swift; sourceTree = "<group>"; };
		459119A224AE40F500927108 /* TabBar.swift */ = {isa = PBXFileReference; lastKnownFileType = sourcecode.swift; path = TabBar.swift; sourceTree = "<group>"; };
		459119A524AF6D0500927108 /* RingView.swift */ = {isa = PBXFileReference; lastKnownFileType = sourcecode.swift; path = RingView.swift; sourceTree = "<group>"; };
		4596B3E024A8DBE6009B30C4 /* HomeView.swift */ = {isa = PBXFileReference; lastKnownFileType = sourcecode.swift; path = HomeView.swift; sourceTree = "<group>"; };
		4596B3E324A8DE6C009B30C4 /* UIApplication+Extensiom.swift */ = {isa = PBXFileReference; lastKnownFileType = sourcecode.swift; path = "UIApplication+Extensiom.swift"; sourceTree = "<group>"; };
		4596B3E624A8EBF7009B30C4 /* HomeContentView.swift */ = {isa = PBXFileReference; lastKnownFileType = sourcecode.swift; path = HomeContentView.swift; sourceTree = "<group>"; };
		4596B3E924A8EDA9009B30C4 /* Constants.swift */ = {isa = PBXFileReference; lastKnownFileType = sourcecode.swift; path = Constants.swift; sourceTree = "<group>"; };
		45A85EF124A396F000FD8B3C /* HGSwiftUIDempApp.swift */ = {isa = PBXFileReference; lastKnownFileType = sourcecode.swift; path = HGSwiftUIDempApp.swift; sourceTree = "<group>"; };
		45A85EF224A396F000FD8B3C /* ContentView.swift */ = {isa = PBXFileReference; lastKnownFileType = sourcecode.swift; path = ContentView.swift; sourceTree = "<group>"; };
		45A85EF324A396F300FD8B3C /* Assets.xcassets */ = {isa = PBXFileReference; lastKnownFileType = folder.assetcatalog; path = Assets.xcassets; sourceTree = "<group>"; };
		45A85EF824A396F300FD8B3C /* HGSwiftUIDemo.app */ = {isa = PBXFileReference; explicitFileType = wrapper.application; includeInIndex = 0; path = HGSwiftUIDemo.app; sourceTree = BUILT_PRODUCTS_DIR; };
		45A85EFB24A396F300FD8B3C /* Info.plist */ = {isa = PBXFileReference; lastKnownFileType = text.plist.xml; path = Info.plist; sourceTree = "<group>"; };
		45A85F0024A396F300FD8B3C /* HGSwiftUIDemo.app */ = {isa = PBXFileReference; explicitFileType = wrapper.application; includeInIndex = 0; path = HGSwiftUIDemo.app; sourceTree = BUILT_PRODUCTS_DIR; };
		45A85F0224A396F300FD8B3C /* Info.plist */ = {isa = PBXFileReference; lastKnownFileType = text.plist.xml; path = Info.plist; sourceTree = "<group>"; };
		45A85F0324A396F300FD8B3C /* macOS.entitlements */ = {isa = PBXFileReference; lastKnownFileType = text.plist.entitlements; path = macOS.entitlements; sourceTree = "<group>"; };
		45A85F1224A5872700FD8B3C /* CertificationCardView.swift */ = {isa = PBXFileReference; lastKnownFileType = sourcecode.swift; path = CertificationCardView.swift; sourceTree = "<group>"; };
		45A85F1524A5882D00FD8B3C /* Color+Extension.swift */ = {isa = PBXFileReference; lastKnownFileType = sourcecode.swift; path = "Color+Extension.swift"; sourceTree = "<group>"; };
		45A85F1824A58E4E00FD8B3C /* Course.swift */ = {isa = PBXFileReference; lastKnownFileType = sourcecode.swift; path = Course.swift; sourceTree = "<group>"; };
/* End PBXFileReference section */

/* Begin PBXFrameworksBuildPhase section */
		45A85EF524A396F300FD8B3C /* Frameworks */ = {
			isa = PBXFrameworksBuildPhase;
			buildActionMask = 2147483647;
			files = (
			);
			runOnlyForDeploymentPostprocessing = 0;
		};
		45A85EFD24A396F300FD8B3C /* Frameworks */ = {
			isa = PBXFrameworksBuildPhase;
			buildActionMask = 2147483647;
			files = (
			);
			runOnlyForDeploymentPostprocessing = 0;
		};
/* End PBXFrameworksBuildPhase section */

/* Begin PBXGroup section */
		45A85EEB24A396F000FD8B3C = {
			isa = PBXGroup;
			children = (
				45A85EF024A396F000FD8B3C /* Shared */,
				45A85EFA24A396F300FD8B3C /* iOS */,
				45A85F0124A396F300FD8B3C /* macOS */,
				45A85EF924A396F300FD8B3C /* Products */,
			);
			sourceTree = "<group>";
		};
		45A85EF024A396F000FD8B3C /* Shared */ = {
			isa = PBXGroup;
			children = (
				45A85EF124A396F000FD8B3C /* HGSwiftUIDempApp.swift */,
				45A85EF224A396F000FD8B3C /* ContentView.swift */,
				45A85EF324A396F300FD8B3C /* Assets.xcassets */,
				45A85F1224A5872700FD8B3C /* CertificationCardView.swift */,
				45A85F1524A5882D00FD8B3C /* Color+Extension.swift */,
				45A85F1824A58E4E00FD8B3C /* Course.swift */,
				45462B7024A73008009F8AC7 /* ProfileMenuView.swift */,
				4596B3E024A8DBE6009B30C4 /* HomeView.swift */,
				4596B3E324A8DE6C009B30C4 /* UIApplication+Extensiom.swift */,
				4596B3E624A8EBF7009B30C4 /* HomeContentView.swift */,
				4596B3E924A8EDA9009B30C4 /* Constants.swift */,
				4541115024AA360A00E4622D /* CourseCardView.swift */,
				4541115324ACDD0100E4622D /* ViewModifiers.swift */,
				4541115624ACED3200E4622D /* CourseListView.swift */,
				4591199924AE300000927108 /* CourseDetailView.swift */,
				4591199F24AE390000927108 /* CourseInfoStore.swift */,
				459119A224AE40F500927108 /* TabBar.swift */,
				459119A524AF6D0500927108 /* RingView.swift */,
			);
			path = Shared;
			sourceTree = "<group>";
		};
		45A85EF924A396F300FD8B3C /* Products */ = {
			isa = PBXGroup;
			children = (
				45A85EF824A396F300FD8B3C /* HGSwiftUIDemo.app */,
				45A85F0024A396F300FD8B3C /* HGSwiftUIDemo.app */,
			);
			name = Products;
			sourceTree = "<group>";
		};
		45A85EFA24A396F300FD8B3C /* iOS */ = {
			isa = PBXGroup;
			children = (
				45A85EFB24A396F300FD8B3C /* Info.plist */,
			);
			path = iOS;
			sourceTree = "<group>";
		};
		45A85F0124A396F300FD8B3C /* macOS */ = {
			isa = PBXGroup;
			children = (
				45A85F0224A396F300FD8B3C /* Info.plist */,
				45A85F0324A396F300FD8B3C /* macOS.entitlements */,
			);
			path = macOS;
			sourceTree = "<group>";
		};
/* End PBXGroup section */

/* Begin PBXNativeTarget section */
		45A85EF724A396F300FD8B3C /* iOS */ = {
			isa = PBXNativeTarget;
			buildConfigurationList = 45A85F0C24A396F300FD8B3C /* Build configuration list for PBXNativeTarget "iOS" */;
			buildPhases = (
				45A85EF424A396F300FD8B3C /* Sources */,
				45A85EF524A396F300FD8B3C /* Frameworks */,
				45A85EF624A396F300FD8B3C /* Resources */,
			);
			buildRules = (
			);
			dependencies = (
			);
			name = iOS;
			productName = iOS;
			productReference = 45A85EF824A396F300FD8B3C /* HGSwiftUIDemo.app */;
			productType = "com.apple.product-type.application";
		};
		45A85EFF24A396F300FD8B3C /* macOS */ = {
			isa = PBXNativeTarget;
			buildConfigurationList = 45A85F0F24A396F300FD8B3C /* Build configuration list for PBXNativeTarget "macOS" */;
			buildPhases = (
				45A85EFC24A396F300FD8B3C /* Sources */,
				45A85EFD24A396F300FD8B3C /* Frameworks */,
				45A85EFE24A396F300FD8B3C /* Resources */,
			);
			buildRules = (
			);
			dependencies = (
			);
			name = macOS;
			productName = macOS;
			productReference = 45A85F0024A396F300FD8B3C /* HGSwiftUIDemo.app */;
			productType = "com.apple.product-type.application";
		};
/* End PBXNativeTarget section */

/* Begin PBXProject section */
		45A85EEC24A396F000FD8B3C /* Project object */ = {
			isa = PBXProject;
			attributes = {
				LastSwiftUpdateCheck = 1200;
				LastUpgradeCheck = 1200;
				TargetAttributes = {
					45A85EF724A396F300FD8B3C = {
						CreatedOnToolsVersion = 12.0;
					};
					45A85EFF24A396F300FD8B3C = {
						CreatedOnToolsVersion = 12.0;
					};
				};
			};
			buildConfigurationList = 45A85EEF24A396F000FD8B3C /* Build configuration list for PBXProject "HGSwiftUIDemo" */;
			compatibilityVersion = "Xcode 9.3";
			developmentRegion = en;
			hasScannedForEncodings = 0;
			knownRegions = (
				en,
				Base,
			);
			mainGroup = 45A85EEB24A396F000FD8B3C;
			productRefGroup = 45A85EF924A396F300FD8B3C /* Products */;
			projectDirPath = "";
			projectRoot = "";
			targets = (
				45A85EF724A396F300FD8B3C /* iOS */,
				45A85EFF24A396F300FD8B3C /* macOS */,
			);
		};
/* End PBXProject section */

/* Begin PBXResourcesBuildPhase section */
		45A85EF624A396F300FD8B3C /* Resources */ = {
			isa = PBXResourcesBuildPhase;
			buildActionMask = 2147483647;
			files = (
				45A85F0824A396F300FD8B3C /* Assets.xcassets in Resources */,
			);
			runOnlyForDeploymentPostprocessing = 0;
		};
		45A85EFE24A396F300FD8B3C /* Resources */ = {
			isa = PBXResourcesBuildPhase;
			buildActionMask = 2147483647;
			files = (
				45A85F0924A396F300FD8B3C /* Assets.xcassets in Resources */,
			);
			runOnlyForDeploymentPostprocessing = 0;
		};
/* End PBXResourcesBuildPhase section */

/* Begin PBXSourcesBuildPhase section */
		45A85EF424A396F300FD8B3C /* Sources */ = {
			isa = PBXSourcesBuildPhase;
			buildActionMask = 2147483647;
			files = (
				4596B3E724A8EBF7009B30C4 /* HomeContentView.swift in Sources */,
				45A85F1324A5872700FD8B3C /* CertificationCardView.swift in Sources */,
				4596B3E424A8DE6C009B30C4 /* UIApplication+Extensiom.swift in Sources */,
				459119A324AE40F500927108 /* TabBar.swift in Sources */,
				4541115424ACDD0100E4622D /* ViewModifiers.swift in Sources */,
				4591199A24AE300000927108 /* CourseDetailView.swift in Sources */,
				459119A624AF6D0500927108 /* RingView.swift in Sources */,
				4596B3E124A8DBE6009B30C4 /* HomeView.swift in Sources */,
				45A85F0624A396F300FD8B3C /* ContentView.swift in Sources */,
				4596B3EA24A8EDA9009B30C4 /* Constants.swift in Sources */,
				45A85F1924A58E4E00FD8B3C /* Course.swift in Sources */,
				4541115124AA360A00E4622D /* CourseCardView.swift in Sources */,
				45A85F0424A396F300FD8B3C /* HGSwiftUIDempApp.swift in Sources */,
				459119A024AE390000927108 /* CourseInfoStore.swift in Sources */,
				45A85F1624A5882D00FD8B3C /* Color+Extension.swift in Sources */,
				45462B7124A73008009F8AC7 /* ProfileMenuView.swift in Sources */,
				4541115724ACED3200E4622D /* CourseListView.swift in Sources */,
			);
			runOnlyForDeploymentPostprocessing = 0;
		};
		45A85EFC24A396F300FD8B3C /* Sources */ = {
			isa = PBXSourcesBuildPhase;
			buildActionMask = 2147483647;
			files = (
				4596B3E824A8EBF7009B30C4 /* HomeContentView.swift in Sources */,
				45A85F1424A5872700FD8B3C /* CertificationCardView.swift in Sources */,
				4596B3E524A8DE6C009B30C4 /* UIApplication+Extensiom.swift in Sources */,
				459119A424AE40F500927108 /* TabBar.swift in Sources */,
				4541115524ACDD0100E4622D /* ViewModifiers.swift in Sources */,
				4591199B24AE300000927108 /* CourseDetailView.swift in Sources */,
				459119A724AF6D0600927108 /* RingView.swift in Sources */,
				4596B3E224A8DBE6009B30C4 /* HomeView.swift in Sources */,
				45A85F0724A396F300FD8B3C /* ContentView.swift in Sources */,
				4596B3EB24A8EDA9009B30C4 /* Constants.swift in Sources */,
				45A85F1A24A58E4E00FD8B3C /* Course.swift in Sources */,
				4541115224AA360A00E4622D /* CourseCardView.swift in Sources */,
				45A85F0524A396F300FD8B3C /* HGSwiftUIDempApp.swift in Sources */,
				459119A124AE390000927108 /* CourseInfoStore.swift in Sources */,
				45A85F1724A5882D00FD8B3C /* Color+Extension.swift in Sources */,
				45462B7224A73008009F8AC7 /* ProfileMenuView.swift in Sources */,
				4541115824ACED3200E4622D /* CourseListView.swift in Sources */,
			);
			runOnlyForDeploymentPostprocessing = 0;
		};
/* End PBXSourcesBuildPhase section */

/* Begin XCBuildConfiguration section */
		45A85F0A24A396F300FD8B3C /* Debug */ = {
			isa = XCBuildConfiguration;
			buildSettings = {
				ALWAYS_SEARCH_USER_PATHS = NO;
				CLANG_ANALYZER_NONNULL = YES;
				CLANG_ANALYZER_NUMBER_OBJECT_CONVERSION = YES_AGGRESSIVE;
				CLANG_CXX_LANGUAGE_STANDARD = "gnu++14";
				CLANG_CXX_LIBRARY = "libc++";
				CLANG_ENABLE_MODULES = YES;
				CLANG_ENABLE_OBJC_ARC = YES;
				CLANG_ENABLE_OBJC_WEAK = YES;
				CLANG_WARN_BLOCK_CAPTURE_AUTORELEASING = YES;
				CLANG_WARN_BOOL_CONVERSION = YES;
				CLANG_WARN_COMMA = YES;
				CLANG_WARN_CONSTANT_CONVERSION = YES;
				CLANG_WARN_DEPRECATED_OBJC_IMPLEMENTATIONS = YES;
				CLANG_WARN_DIRECT_OBJC_ISA_USAGE = YES_ERROR;
				CLANG_WARN_DOCUMENTATION_COMMENTS = YES;
				CLANG_WARN_EMPTY_BODY = YES;
				CLANG_WARN_ENUM_CONVERSION = YES;
				CLANG_WARN_INFINITE_RECURSION = YES;
				CLANG_WARN_INT_CONVERSION = YES;
				CLANG_WARN_NON_LITERAL_NULL_CONVERSION = YES;
				CLANG_WARN_OBJC_IMPLICIT_RETAIN_SELF = YES;
				CLANG_WARN_OBJC_LITERAL_CONVERSION = YES;
				CLANG_WARN_OBJC_ROOT_CLASS = YES_ERROR;
				CLANG_WARN_QUOTED_INCLUDE_IN_FRAMEWORK_HEADER = YES;
				CLANG_WARN_RANGE_LOOP_ANALYSIS = YES;
				CLANG_WARN_STRICT_PROTOTYPES = YES;
				CLANG_WARN_SUSPICIOUS_MOVE = YES;
				CLANG_WARN_UNGUARDED_AVAILABILITY = YES_AGGRESSIVE;
				CLANG_WARN_UNREACHABLE_CODE = YES;
				CLANG_WARN__DUPLICATE_METHOD_MATCH = YES;
				COPY_PHASE_STRIP = NO;
				DEBUG_INFORMATION_FORMAT = dwarf;
				ENABLE_STRICT_OBJC_MSGSEND = YES;
				ENABLE_TESTABILITY = YES;
				GCC_C_LANGUAGE_STANDARD = gnu11;
				GCC_DYNAMIC_NO_PIC = NO;
				GCC_NO_COMMON_BLOCKS = YES;
				GCC_OPTIMIZATION_LEVEL = 0;
				GCC_PREPROCESSOR_DEFINITIONS = (
					"DEBUG=1",
					"$(inherited)",
				);
				GCC_WARN_64_TO_32_BIT_CONVERSION = YES;
				GCC_WARN_ABOUT_RETURN_TYPE = YES_ERROR;
				GCC_WARN_UNDECLARED_SELECTOR = YES;
				GCC_WARN_UNINITIALIZED_AUTOS = YES_AGGRESSIVE;
				GCC_WARN_UNUSED_FUNCTION = YES;
				GCC_WARN_UNUSED_VARIABLE = YES;
				MTL_ENABLE_DEBUG_INFO = INCLUDE_SOURCE;
				MTL_FAST_MATH = YES;
				ONLY_ACTIVE_ARCH = YES;
				SWIFT_ACTIVE_COMPILATION_CONDITIONS = DEBUG;
				SWIFT_OPTIMIZATION_LEVEL = "-Onone";
			};
			name = Debug;
		};
		45A85F0B24A396F300FD8B3C /* Release */ = {
			isa = XCBuildConfiguration;
			buildSettings = {
				ALWAYS_SEARCH_USER_PATHS = NO;
				CLANG_ANALYZER_NONNULL = YES;
				CLANG_ANALYZER_NUMBER_OBJECT_CONVERSION = YES_AGGRESSIVE;
				CLANG_CXX_LANGUAGE_STANDARD = "gnu++14";
				CLANG_CXX_LIBRARY = "libc++";
				CLANG_ENABLE_MODULES = YES;
				CLANG_ENABLE_OBJC_ARC = YES;
				CLANG_ENABLE_OBJC_WEAK = YES;
				CLANG_WARN_BLOCK_CAPTURE_AUTORELEASING = YES;
				CLANG_WARN_BOOL_CONVERSION = YES;
				CLANG_WARN_COMMA = YES;
				CLANG_WARN_CONSTANT_CONVERSION = YES;
				CLANG_WARN_DEPRECATED_OBJC_IMPLEMENTATIONS = YES;
				CLANG_WARN_DIRECT_OBJC_ISA_USAGE = YES_ERROR;
				CLANG_WARN_DOCUMENTATION_COMMENTS = YES;
				CLANG_WARN_EMPTY_BODY = YES;
				CLANG_WARN_ENUM_CONVERSION = YES;
				CLANG_WARN_INFINITE_RECURSION = YES;
				CLANG_WARN_INT_CONVERSION = YES;
				CLANG_WARN_NON_LITERAL_NULL_CONVERSION = YES;
				CLANG_WARN_OBJC_IMPLICIT_RETAIN_SELF = YES;
				CLANG_WARN_OBJC_LITERAL_CONVERSION = YES;
				CLANG_WARN_OBJC_ROOT_CLASS = YES_ERROR;
				CLANG_WARN_QUOTED_INCLUDE_IN_FRAMEWORK_HEADER = YES;
				CLANG_WARN_RANGE_LOOP_ANALYSIS = YES;
				CLANG_WARN_STRICT_PROTOTYPES = YES;
				CLANG_WARN_SUSPICIOUS_MOVE = YES;
				CLANG_WARN_UNGUARDED_AVAILABILITY = YES_AGGRESSIVE;
				CLANG_WARN_UNREACHABLE_CODE = YES;
				CLANG_WARN__DUPLICATE_METHOD_MATCH = YES;
				COPY_PHASE_STRIP = NO;
				DEBUG_INFORMATION_FORMAT = "dwarf-with-dsym";
				ENABLE_NS_ASSERTIONS = NO;
				ENABLE_STRICT_OBJC_MSGSEND = YES;
				GCC_C_LANGUAGE_STANDARD = gnu11;
				GCC_NO_COMMON_BLOCKS = YES;
				GCC_WARN_64_TO_32_BIT_CONVERSION = YES;
				GCC_WARN_ABOUT_RETURN_TYPE = YES_ERROR;
				GCC_WARN_UNDECLARED_SELECTOR = YES;
				GCC_WARN_UNINITIALIZED_AUTOS = YES_AGGRESSIVE;
				GCC_WARN_UNUSED_FUNCTION = YES;
				GCC_WARN_UNUSED_VARIABLE = YES;
				MTL_ENABLE_DEBUG_INFO = NO;
				MTL_FAST_MATH = YES;
				SWIFT_COMPILATION_MODE = wholemodule;
				SWIFT_OPTIMIZATION_LEVEL = "-O";
			};
			name = Release;
		};
		45A85F0D24A396F300FD8B3C /* Debug */ = {
			isa = XCBuildConfiguration;
			buildSettings = {
				ASSETCATALOG_COMPILER_APPICON_NAME = AppIcon;
				ASSETCATALOG_COMPILER_GLOBAL_ACCENT_COLOR_NAME = AccentColor;
				CODE_SIGN_STYLE = Automatic;
				ENABLE_PREVIEWS = YES;
				INFOPLIST_FILE = iOS/Info.plist;
				IPHONEOS_DEPLOYMENT_TARGET = 14.0;
				LD_RUNPATH_SEARCH_PATHS = (
					"$(inherited)",
					"@executable_path/Frameworks",
				);
				PRODUCT_BUNDLE_IDENTIFIER = net.hamguy.HGSwiftUIDemp;
				PRODUCT_NAME = HGSwiftUIDemo;
				SDKROOT = iphoneos;
				SWIFT_VERSION = 5.0;
				TARGETED_DEVICE_FAMILY = "1,2";
			};
			name = Debug;
		};
		45A85F0E24A396F300FD8B3C /* Release */ = {
			isa = XCBuildConfiguration;
			buildSettings = {
				ASSETCATALOG_COMPILER_APPICON_NAME = AppIcon;
				ASSETCATALOG_COMPILER_GLOBAL_ACCENT_COLOR_NAME = AccentColor;
				CODE_SIGN_STYLE = Automatic;
				ENABLE_PREVIEWS = YES;
				INFOPLIST_FILE = iOS/Info.plist;
				IPHONEOS_DEPLOYMENT_TARGET = 14.0;
				LD_RUNPATH_SEARCH_PATHS = (
					"$(inherited)",
					"@executable_path/Frameworks",
				);
				PRODUCT_BUNDLE_IDENTIFIER = net.hamguy.HGSwiftUIDemp;
				PRODUCT_NAME = HGSwiftUIDemo;
				SDKROOT = iphoneos;
				SWIFT_VERSION = 5.0;
				TARGETED_DEVICE_FAMILY = "1,2";
				VALIDATE_PRODUCT = YES;
			};
			name = Release;
		};
		45A85F1024A396F300FD8B3C /* Debug */ = {
			isa = XCBuildConfiguration;
			buildSettings = {
				ASSETCATALOG_COMPILER_APPICON_NAME = AppIcon;
				ASSETCATALOG_COMPILER_GLOBAL_ACCENT_COLOR_NAME = AccentColor;
				CODE_SIGN_ENTITLEMENTS = macOS/macOS.entitlements;
				CODE_SIGN_STYLE = Automatic;
				COMBINE_HIDPI_IMAGES = YES;
				ENABLE_PREVIEWS = YES;
				INFOPLIST_FILE = macOS/Info.plist;
				LD_RUNPATH_SEARCH_PATHS = (
					"$(inherited)",
					"@executable_path/../Frameworks",
				);
				MACOSX_DEPLOYMENT_TARGET = 10.16;
				PRODUCT_BUNDLE_IDENTIFIER = net.hamguy.HGSwiftUIDemp;
				PRODUCT_NAME = HGSwiftUIDemo;
				SDKROOT = macosx;
				SWIFT_VERSION = 5.0;
			};
			name = Debug;
		};
		45A85F1124A396F300FD8B3C /* Release */ = {
			isa = XCBuildConfiguration;
			buildSettings = {
				ASSETCATALOG_COMPILER_APPICON_NAME = AppIcon;
				ASSETCATALOG_COMPILER_GLOBAL_ACCENT_COLOR_NAME = AccentColor;
				CODE_SIGN_ENTITLEMENTS = macOS/macOS.entitlements;
				CODE_SIGN_STYLE = Automatic;
				COMBINE_HIDPI_IMAGES = YES;
				ENABLE_PREVIEWS = YES;
				INFOPLIST_FILE = macOS/Info.plist;
				LD_RUNPATH_SEARCH_PATHS = (
					"$(inherited)",
					"@executable_path/../Frameworks",
				);
				MACOSX_DEPLOYMENT_TARGET = 10.16;
				PRODUCT_BUNDLE_IDENTIFIER = net.hamguy.HGSwiftUIDemp;
				PRODUCT_NAME = HGSwiftUIDemo;
				SDKROOT = macosx;
				SWIFT_VERSION = 5.0;
			};
			name = Release;
		};
/* End XCBuildConfiguration section */

/* Begin XCConfigurationList section */
		45A85EEF24A396F000FD8B3C /* Build configuration list for PBXProject "HGSwiftUIDemo" */ = {
			isa = XCConfigurationList;
			buildConfigurations = (
				45A85F0A24A396F300FD8B3C /* Debug */,
				45A85F0B24A396F300FD8B3C /* Release */,
			);
			defaultConfigurationIsVisible = 0;
			defaultConfigurationName = Release;
		};
		45A85F0C24A396F300FD8B3C /* Build configuration list for PBXNativeTarget "iOS" */ = {
			isa = XCConfigurationList;
			buildConfigurations = (
				45A85F0D24A396F300FD8B3C /* Debug */,
				45A85F0E24A396F300FD8B3C /* Release */,
			);
			defaultConfigurationIsVisible = 0;
			defaultConfigurationName = Release;
		};
		45A85F0F24A396F300FD8B3C /* Build configuration list for PBXNativeTarget "macOS" */ = {
			isa = XCConfigurationList;
			buildConfigurations = (
				45A85F1024A396F300FD8B3C /* Debug */,
				45A85F1124A396F300FD8B3C /* Release */,
			);
			defaultConfigurationIsVisible = 0;
			defaultConfigurationName = Release;
		};
/* End XCConfigurationList section */
	};
	rootObject = 45A85EEC24A396F000FD8B3C /* Project object */;
}
